hash: 26d5b8a8318cdb9b411e542057344c2142c5bd93d2a9b8962fb49188a5db0b65
updated: 2017-10-01T19:57:23.106136898+02:00
imports:
- name: github.com/gorilla/mux
  version: 24fca303ac6da784b9e8269f724ddeb0b2eea5e7
- name: github.com/stretchr/testify
  version: 69483b4bd14f5845b5a1e55bca19e954e827f1d0
testImports: []
